
Microsoft Visual Studio Solution File, Format Version 12.00
# Visual Studio 15
VisualStudioVersion = 15.0.26124.0
MinimumVisualStudioVersion = 15.0.26124.0
Project("{2150E333-8FDC-42A3-9474-1A3956D46DE8}") = "src", "src", "{F0901640-EB87-45A2-BE7D-5278DBD7903F}"
EndProject
Project("{F2A71F9B-5D33-465A-A702-920D77279786}") = "MagicWord.Lang", "src\MagicWord.Lang\MagicWord.Lang.fsproj", "{0157FC00-3046-4EFB-A7BD-A33636517492}"
EndProject
Project("{F2A71F9B-5D33-465A-A702-920D77279786}") = "magic", "src\magic\magic.fsproj", "{E3DA3E43-2255-4E19-98D1-83E420CD7095}"
EndProject
Global
	GlobalSection(SolutionConfigurationPlatforms) = preSolution
		Debug|Any CPU = Debug|Any CPU
		Debug|x64 = Debug|x64
		Debug|x86 = Debug|x86
		Release|Any CPU = Release|Any CPU
		Release|x64 = Release|x64
		Release|x86 = Release|x86
	EndGlobalSection
	GlobalSection(SolutionProperties) = preSolution
		HideSolutionNode = FALSE
	EndGlobalSection
	GlobalSection(ProjectConfigurationPlatforms) = postSolution
		{0157FC00-3046-4EFB-A7BD-A33636517492}.Debug|Any CPU.ActiveCfg = Debug|Any CPU
		{0157FC00-3046-4EFB-A7BD-A33636517492}.Debug|Any CPU.Build.0 = Debug|Any CPU
		{0157FC00-3046-4EFB-A7BD-A33636517492}.Debug|x64.ActiveCfg = Debug|Any CPU
		{0157FC00-3046-4EFB-A7BD-A33636517492}.Debug|x64.Build.0 = Debug|Any CPU
		{0157FC00-3046-4EFB-A7BD-A33636517492}.Debug|x86.ActiveCfg = Debug|Any CPU
		{0157FC00-3046-4EFB-A7BD-A33636517492}.Debug|x86.Build.0 = Debug|Any CPU
		{0157FC00-3046-4EFB-A7BD-A33636517492}.Release|Any CPU.ActiveCfg = Release|Any CPU
		{0157FC00-3046-4EFB-A7BD-A33636517492}.Release|Any CPU.Build.0 = Release|Any CPU
		{0157FC00-3046-4EFB-A7BD-A33636517492}.Release|x64.ActiveCfg = Release|Any CPU
		{0157FC00-3046-4EFB-A7BD-A33636517492}.Release|x64.Build.0 = Release|Any CPU
		{0157FC00-3046-4EFB-A7BD-A33636517492}.Release|x86.ActiveCfg = Release|Any CPU
		{0157FC00-3046-4EFB-A7BD-A33636517492}.Release|x86.Build.0 = Release|Any CPU
		{E3DA3E43-2255-4E19-98D1-83E420CD7095}.Debug|Any CPU.ActiveCfg = Debug|Any CPU
		{E3DA3E43-2255-4E19-98D1-83E420CD7095}.Debug|Any CPU.Build.0 = Debug|Any CPU
		{E3DA3E43-2255-4E19-98D1-83E420CD7095}.Debug|x64.ActiveCfg = Debug|Any CPU
		{E3DA3E43-2255-4E19-98D1-83E420CD7095}.Debug|x64.Build.0 = Debug|Any CPU
		{E3DA3E43-2255-4E19-98D1-83E420CD7095}.Debug|x86.ActiveCfg = Debug|Any CPU
		{E3DA3E43-2255-4E19-98D1-83E420CD7095}.Debug|x86.Build.0 = Debug|Any CPU
		{E3DA3E43-2255-4E19-98D1-83E420CD7095}.Release|Any CPU.ActiveCfg = Release|Any CPU
		{E3DA3E43-2255-4E19-98D1-83E420CD7095}.Release|Any CPU.Build.0 = Release|Any CPU
		{E3DA3E43-2255-4E19-98D1-83E420CD7095}.Release|x64.ActiveCfg = Release|Any CPU
		{E3DA3E43-2255-4E19-98D1-83E420CD7095}.Release|x64.Build.0 = Release|Any CPU
		{E3DA3E43-2255-4E19-98D1-83E420CD7095}.Release|x86.ActiveCfg = Release|Any CPU
		{E3DA3E43-2255-4E19-98D1-83E420CD7095}.Release|x86.Build.0 = Release|Any CPU
	EndGlobalSection
	GlobalSection(NestedProjects) = preSolution
		{0157FC00-3046-4EFB-A7BD-A33636517492} = {F0901640-EB87-45A2-BE7D-5278DBD7903F}
		{E3DA3E43-2255-4E19-98D1-83E420CD7095} = {F0901640-EB87-45A2-BE7D-5278DBD7903F}
	EndGlobalSection
EndGlobal
